
Microsoft Visual Studio Solution File, Format Version 12.00
# Visual Studio Version 17
VisualStudioVersion = 17.9.34723.18
MinimumVisualStudioVersion = 10.0.40219.1
Project("{FAE04EC0-301F-11D3-BF4B-00C04F79EFBC}") = "ControleFrota", "ControleFrota\ControleFrota.csproj", "{23E2E3FC-9677-4EB2-A8E3-4162233A933E}"
EndProject
Global
	GlobalSection(SolutionConfigurationPlatforms) = preSolution
		Debug|Any CPU = Debug|Any CPU
		Release|Any CPU = Release|Any CPU
	EndGlobalSection
	GlobalSection(ProjectConfigurationPlatforms) = postSolution
		{23E2E3FC-9677-4EB2-A8E3-4162233A933E}.Debug|Any CPU.ActiveCfg = Debug|Any CPU
		{23E2E3FC-9677-4EB2-A8E3-4162233A933E}.Debug|Any CPU.Build.0 = Debug|Any CPU
		{23E2E3FC-9677-4EB2-A8E3-4162233A933E}.Release|Any CPU.ActiveCfg = Release|Any CPU
		{23E2E3FC-9677-4EB2-A8E3-4162233A933E}.Release|Any CPU.Build.0 = Release|Any CPU
	EndGlobalSection
	GlobalSection(SolutionProperties) = preSolution
		HideSolutionNode = FALSE
	EndGlobalSection
	GlobalSection(ExtensibilityGlobals) = postSolution
		SolutionGuid = {56BC4A4C-656E-40B2-B566-755D568795E3}
	EndGlobalSection
EndGlobal
